
Microsoft Visual Studio Solution File, Format Version 12.00
# Visual Studio Version 16
VisualStudioVersion = 16.0.29424.173
MinimumVisualStudioVersion = 10.0.40219.1
Project("{FAE04EC0-301F-11D3-BF4B-00C04F79EFBC}") = "CM.BusinessLogic", "CM.BusinessLogic\CM.BusinessLogic.csproj", "{5755BEED-FB33-448E-A540-482DEDA397C9}"
EndProject
Project("{2150E333-8FDC-42A3-9474-1A3956D46DE8}") = "Tests", "Tests", "{EEBB72B3-A262-4B5D-8C01-9249DA4B7C25}"
EndProject
Project("{FAE04EC0-301F-11D3-BF4B-00C04F79EFBC}") = "CM.BusinessLogicTest", "CM.BusinessLogicTest\CM.BusinessLogicTest.csproj", "{3C2356C3-F8F6-4739-AE66-7B746AC61772}"
EndProject
Project("{FAE04EC0-301F-11D3-BF4B-00C04F79EFBC}") = "JB.Common", "JB.Common\JB.Common.csproj", "{CA0D58DB-CF3D-4E78-993D-826656AD4B34}"
EndProject
Project("{FAE04EC0-301F-11D3-BF4B-00C04F79EFBC}") = "JB.CommonTest", "JB.CommonTest\JB.CommonTest.csproj", "{DAE2E620-FB6F-4BB9-9F7B-AC5CA5B2C435}"
EndProject
Global
	GlobalSection(SolutionConfigurationPlatforms) = preSolution
		Debug|Any CPU = Debug|Any CPU
		Release|Any CPU = Release|Any CPU
	EndGlobalSection
	GlobalSection(ProjectConfigurationPlatforms) = postSolution
		{5755BEED-FB33-448E-A540-482DEDA397C9}.Debug|Any CPU.ActiveCfg = Debug|Any CPU
		{5755BEED-FB33-448E-A540-482DEDA397C9}.Debug|Any CPU.Build.0 = Debug|Any CPU
		{5755BEED-FB33-448E-A540-482DEDA397C9}.Release|Any CPU.ActiveCfg = Release|Any CPU
		{5755BEED-FB33-448E-A540-482DEDA397C9}.Release|Any CPU.Build.0 = Release|Any CPU
		{3C2356C3-F8F6-4739-AE66-7B746AC61772}.Debug|Any CPU.ActiveCfg = Debug|Any CPU
		{3C2356C3-F8F6-4739-AE66-7B746AC61772}.Debug|Any CPU.Build.0 = Debug|Any CPU
		{3C2356C3-F8F6-4739-AE66-7B746AC61772}.Release|Any CPU.ActiveCfg = Release|Any CPU
		{3C2356C3-F8F6-4739-AE66-7B746AC61772}.Release|Any CPU.Build.0 = Release|Any CPU
		{CA0D58DB-CF3D-4E78-993D-826656AD4B34}.Debug|Any CPU.ActiveCfg = Debug|Any CPU
		{CA0D58DB-CF3D-4E78-993D-826656AD4B34}.Debug|Any CPU.Build.0 = Debug|Any CPU
		{CA0D58DB-CF3D-4E78-993D-826656AD4B34}.Release|Any CPU.ActiveCfg = Release|Any CPU
		{CA0D58DB-CF3D-4E78-993D-826656AD4B34}.Release|Any CPU.Build.0 = Release|Any CPU
		{DAE2E620-FB6F-4BB9-9F7B-AC5CA5B2C435}.Debug|Any CPU.ActiveCfg = Debug|Any CPU
		{DAE2E620-FB6F-4BB9-9F7B-AC5CA5B2C435}.Debug|Any CPU.Build.0 = Debug|Any CPU
		{DAE2E620-FB6F-4BB9-9F7B-AC5CA5B2C435}.Release|Any CPU.ActiveCfg = Release|Any CPU
		{DAE2E620-FB6F-4BB9-9F7B-AC5CA5B2C435}.Release|Any CPU.Build.0 = Release|Any CPU
	EndGlobalSection
	GlobalSection(SolutionProperties) = preSolution
		HideSolutionNode = FALSE
	EndGlobalSection
	GlobalSection(NestedProjects) = preSolution
		{3C2356C3-F8F6-4739-AE66-7B746AC61772} = {EEBB72B3-A262-4B5D-8C01-9249DA4B7C25}
		{DAE2E620-FB6F-4BB9-9F7B-AC5CA5B2C435} = {EEBB72B3-A262-4B5D-8C01-9249DA4B7C25}
	EndGlobalSection
	GlobalSection(ExtensibilityGlobals) = postSolution
		SolutionGuid = {DDD9E44A-88C9-4360-BCE0-1DB4D8739F32}
	EndGlobalSection
EndGlobal
